
Microsoft Visual Studio Solution File, Format Version 12.00
# Visual Studio 14
VisualStudioVersion = 14.0.25420.1
MinimumVisualStudioVersion = 10.0.40219.1
Project("{FAE04EC0-301F-11D3-BF4B-00C04F79EFBC}") = "Extensions", "Extensions\Extensions.csproj", "{B633A88D-4E18-4EA6-A232-ADAF8EB2C1E9}"
EndProject
Project("{FAE04EC0-301F-11D3-BF4B-00C04F79EFBC}") = "ExtensionsTest", "ExtensionsTest\ExtensionsTest.csproj", "{9FD2BBA3-7871-45A8-AE45-D5AC5AFB9984}"
EndProject
Global
	GlobalSection(SolutionConfigurationPlatforms) = preSolution
		Debug|Any CPU = Debug|Any CPU
		Release|Any CPU = Release|Any CPU
	EndGlobalSection
	GlobalSection(ProjectConfigurationPlatforms) = postSolution
		{B633A88D-4E18-4EA6-A232-ADAF8EB2C1E9}.Debug|Any CPU.ActiveCfg = Debug|Any CPU
		{B633A88D-4E18-4EA6-A232-ADAF8EB2C1E9}.Debug|Any CPU.Build.0 = Debug|Any CPU
		{B633A88D-4E18-4EA6-A232-ADAF8EB2C1E9}.Release|Any CPU.ActiveCfg = Release|Any CPU
		{B633A88D-4E18-4EA6-A232-ADAF8EB2C1E9}.Release|Any CPU.Build.0 = Release|Any CPU
		{9FD2BBA3-7871-45A8-AE45-D5AC5AFB9984}.Debug|Any CPU.ActiveCfg = Debug|Any CPU
		{9FD2BBA3-7871-45A8-AE45-D5AC5AFB9984}.Debug|Any CPU.Build.0 = Debug|Any CPU
		{9FD2BBA3-7871-45A8-AE45-D5AC5AFB9984}.Release|Any CPU.ActiveCfg = Release|Any CPU
		{9FD2BBA3-7871-45A8-AE45-D5AC5AFB9984}.Release|Any CPU.Build.0 = Release|Any CPU
	EndGlobalSection
	GlobalSection(SolutionProperties) = preSolution
		HideSolutionNode = FALSE
	EndGlobalSection
EndGlobal
